// !$*UTF8*$!
{
	archiveVersion = 1;
	classes = {
	};
	objectVersion = 50;
	objects = {

/* Begin PBXBuildFile section */
		5B55D9332289785400EB3D3A /* AppDelegate.swift in Sources */ = {isa = PBXBuildFile; fileRef = 5B55D9322289785400EB3D3A /* AppDelegate.swift */; };
		5B55D9352289785400EB3D3A /* ViewController.swift in Sources */ = {isa = PBXBuildFile; fileRef = 5B55D9342289785400EB3D3A /* ViewController.swift */; };
		5B55D9382289785400EB3D3A /* Main.storyboard in Resources */ = {isa = PBXBuildFile; fileRef = 5B55D9362289785400EB3D3A /* Main.storyboard */; };
		5B55D93B2289785400EB3D3A /* CoreDataDemo.xcdatamodeld in Sources */ = {isa = PBXBuildFile; fileRef = 5B55D9392289785400EB3D3A /* CoreDataDemo.xcdatamodeld */; };
		5B55D93D2289785500EB3D3A /* Assets.xcassets in Resources */ = {isa = PBXBuildFile; fileRef = 5B55D93C2289785500EB3D3A /* Assets.xcassets */; };
		5B55D9402289785500EB3D3A /* LaunchScreen.storyboard in Resources */ = {isa = PBXBuildFile; fileRef = 5B55D93E2289785500EB3D3A /* LaunchScreen.storyboard */; };
		5B55D94B22897A4200EB3D3A /* Address+CoreDataClass.swift in Sources */ = {isa = PBXBuildFile; fileRef = 5B55D94722897A4200EB3D3A /* Address+CoreDataClass.swift */; };
		5B55D94C22897A4200EB3D3A /* Address+CoreDataProperties.swift in Sources */ = {isa = PBXBuildFile; fileRef = 5B55D94822897A4200EB3D3A /* Address+CoreDataProperties.swift */; };
		5B55D94D22897A4200EB3D3A /* Person+CoreDataClass.swift in Sources */ = {isa = PBXBuildFile; fileRef = 5B55D94922897A4200EB3D3A /* Person+CoreDataClass.swift */; };
		5B55D94E22897A4200EB3D3A /* Person+CoreDataProperties.swift in Sources */ = {isa = PBXBuildFile; fileRef = 5B55D94A22897A4200EB3D3A /* Person+CoreDataProperties.swift */; };
		5B55D95022897C2100EB3D3A /* File.swift in Sources */ = {isa = PBXBuildFile; fileRef = 5B55D94F22897C2100EB3D3A /* File.swift */; };
/* End PBXBuildFile section */

/* Begin PBXFileReference section */
		5B55D92F2289785400EB3D3A /* CoreDataDemo.app */ = {isa = PBXFileReference; explicitFileType = wrapper.application; includeInIndex = 0; path = CoreDataDemo.app; sourceTree = BUILT_PRODUCTS_DIR; };
		5B55D9322289785400EB3D3A /* AppDelegate.swift */ = {isa = PBXFileReference; lastKnownFileType = sourcecode.swift; path = AppDelegate.swift; sourceTree = "<group>"; };
		5B55D9342289785400EB3D3A /* ViewController.swift */ = {isa = PBXFileReference; lastKnownFileType = sourcecode.swift; path = ViewController.swift; sourceTree = "<group>"; };
		5B55D9372289785400EB3D3A /* Base */ = {isa = PBXFileReference; lastKnownFileType = file.storyboard; name = Base; path = Base.lproj/Main.storyboard; sourceTree = "<group>"; };
		5B55D93A2289785400EB3D3A /* CoreDataDemo.xcdatamodel */ = {isa = PBXFileReference; lastKnownFileType = wrapper.xcdatamodel; path = CoreDataDemo.xcdatamodel; sourceTree = "<group>"; };
		5B55D93C2289785500EB3D3A /* Assets.xcassets */ = {isa = PBXFileReference; lastKnownFileType = folder.assetcatalog; path = Assets.xcassets; sourceTree = "<group>"; };
		5B55D93F2289785500EB3D3A /* Base */ = {isa = PBXFileReference; lastKnownFileType = file.storyboard; name = Base; path = Base.lproj/LaunchScreen.storyboard; sourceTree = "<group>"; };
		5B55D9412289785500EB3D3A /* Info.plist */ = {isa = PBXFileReference; lastKnownFileType = text.plist.xml; path = Info.plist; sourceTree = "<group>"; };
		5B55D94722897A4200EB3D3A /* Address+CoreDataClass.swift */ = {isa = PBXFileReference; lastKnownFileType = sourcecode.swift; path = "Address+CoreDataClass.swift"; sourceTree = "<group>"; };
		5B55D94822897A4200EB3D3A /* Address+CoreDataProperties.swift */ = {isa = PBXFileReference; lastKnownFileType = sourcecode.swift; path = "Address+CoreDataProperties.swift"; sourceTree = "<group>"; };
		5B55D94922897A4200EB3D3A /* Person+CoreDataClass.swift */ = {isa = PBXFileReference; lastKnownFileType = sourcecode.swift; path = "Person+CoreDataClass.swift"; sourceTree = "<group>"; };
		5B55D94A22897A4200EB3D3A /* Person+CoreDataProperties.swift */ = {isa = PBXFileReference; lastKnownFileType = sourcecode.swift; path = "Person+CoreDataProperties.swift"; sourceTree = "<group>"; };
		5B55D94F22897C2100EB3D3A /* File.swift */ = {isa = PBXFileReference; lastKnownFileType = sourcecode.swift; path = File.swift; sourceTree = "<group>"; };
/* End PBXFileReference section */

/* Begin PBXFrameworksBuildPhase section */
		5B55D92C2289785400EB3D3A /* Frameworks */ = {
			isa = PBXFrameworksBuildPhase;
			buildActionMask = 2147483647;
			files = (
			);
			runOnlyForDeploymentPostprocessing = 0;
		};
/* End PBXFrameworksBuildPhase section */

/* Begin PBXGroup section */
		5B55D9262289785400EB3D3A = {
			isa = PBXGroup;
			children = (
				5B55D94722897A4200EB3D3A /* Address+CoreDataClass.swift */,
				5B55D94822897A4200EB3D3A /* Address+CoreDataProperties.swift */,
				5B55D94922897A4200EB3D3A /* Person+CoreDataClass.swift */,
				5B55D94A22897A4200EB3D3A /* Person+CoreDataProperties.swift */,
				5B55D9312289785400EB3D3A /* CoreDataDemo */,
				5B55D9302289785400EB3D3A /* Products */,
			);
			sourceTree = "<group>";
		};
		5B55D9302289785400EB3D3A /* Products */ = {
			isa = PBXGroup;
			children = (
				5B55D92F2289785400EB3D3A /* CoreDataDemo.app */,
			);
			name = Products;
			sourceTree = "<group>";
		};
		5B55D9312289785400EB3D3A /* CoreDataDemo */ = {
			isa = PBXGroup;
			children = (
				5B55D9322289785400EB3D3A /* AppDelegate.swift */,
				5B55D9342289785400EB3D3A /* ViewController.swift */,
				5B55D9362289785400EB3D3A /* Main.storyboard */,
				5B55D93C2289785500EB3D3A /* Assets.xcassets */,
				5B55D93E2289785500EB3D3A /* LaunchScreen.storyboard */,
				5B55D9412289785500EB3D3A /* Info.plist */,
				5B55D9392289785400EB3D3A /* CoreDataDemo.xcdatamodeld */,
				5B55D94F22897C2100EB3D3A /* File.swift */,
			);
			path = CoreDataDemo;
			sourceTree = "<group>";
		};
/* End PBXGroup section */

/* Begin PBXNativeTarget section */
		5B55D92E2289785400EB3D3A /* CoreDataDemo */ = {
			isa = PBXNativeTarget;
			buildConfigurationList = 5B55D9442289785500EB3D3A /* Build configuration list for PBXNativeTarget "CoreDataDemo" */;
			buildPhases = (
				5B55D92B2289785400EB3D3A /* Sources */,
				5B55D92C2289785400EB3D3A /* Frameworks */,
				5B55D92D2289785400EB3D3A /* Resources */,
			);
			buildRules = (
			);
			dependencies = (
			);
			name = CoreDataDemo;
			productName = CoreDataDemo;
			productReference = 5B55D92F2289785400EB3D3A /* CoreDataDemo.app */;
			productType = "com.apple.product-type.application";
		};
/* End PBXNativeTarget section */

/* Begin PBXProject section */
		5B55D9272289785400EB3D3A /* Project object */ = {
			isa = PBXProject;
			attributes = {
				LastSwiftUpdateCheck = 1010;
				LastUpgradeCheck = 1010;
				ORGANIZATIONNAME = "William Biondi";
				TargetAttributes = {
					5B55D92E2289785400EB3D3A = {
						CreatedOnToolsVersion = 10.1;
					};
				};
			};
			buildConfigurationList = 5B55D92A2289785400EB3D3A /* Build configuration list for PBXProject "CoreDataDemo" */;
			compatibilityVersion = "Xcode 9.3";
			developmentRegion = en;
			hasScannedForEncodings = 0;
			knownRegions = (
				en,
				Base,
			);
			mainGroup = 5B55D9262289785400EB3D3A;
			productRefGroup = 5B55D9302289785400EB3D3A /* Products */;
			projectDirPath = "";
			projectRoot = "";
			targets = (
				5B55D92E2289785400EB3D3A /* CoreDataDemo */,
			);
		};
/* End PBXProject section */

/* Begin PBXResourcesBuildPhase section */
		5B55D92D2289785400EB3D3A /* Resources */ = {
			isa = PBXResourcesBuildPhase;
			buildActionMask = 2147483647;
			files = (
				5B55D9402289785500EB3D3A /* LaunchScreen.storyboard in Resources */,
				5B55D93D2289785500EB3D3A /* Assets.xcassets in Resources */,
				5B55D9382289785400EB3D3A /* Main.storyboard in Resources */,
			);
			runOnlyForDeploymentPostprocessing = 0;
		};
/* End PBXResourcesBuildPhase section */

/* Begin PBXSourcesBuildPhase section */
		5B55D92B2289785400EB3D3A /* Sources */ = {
			isa = PBXSourcesBuildPhase;
			buildActionMask = 2147483647;
			files = (
				5B55D94E22897A4200EB3D3A /* Person+CoreDataProperties.swift in Sources */,
				5B55D94B22897A4200EB3D3A /* Address+CoreDataClass.swift in Sources */,
				5B55D9352289785400EB3D3A /* ViewController.swift in Sources */,
				5B55D94D22897A4200EB3D3A /* Person+CoreDataClass.swift in Sources */,
				5B55D94C22897A4200EB3D3A /* Address+CoreDataProperties.swift in Sources */,
				5B55D95022897C2100EB3D3A /* File.swift in Sources */,
				5B55D93B2289785400EB3D3A /* CoreDataDemo.xcdatamodeld in Sources */,
				5B55D9332289785400EB3D3A /* AppDelegate.swift in Sources */,
			);
			runOnlyForDeploymentPostprocessing = 0;
		};
/* End PBXSourcesBuildPhase section */

/* Begin PBXVariantGroup section */
		5B55D9362289785400EB3D3A /* Main.storyboard */ = {
			isa = PBXVariantGroup;
			children = (
				5B55D9372289785400EB3D3A /* Base */,
			);
			name = Main.storyboard;
			sourceTree = "<group>";
		};
		5B55D93E2289785500EB3D3A /* LaunchScreen.storyboard */ = {
			isa = PBXVariantGroup;
			children = (
				5B55D93F2289785500EB3D3A /* Base */,
			);
			name = LaunchScreen.storyboard;
			sourceTree = "<group>";
		};
/* End PBXVariantGroup section */

/* Begin XCBuildConfiguration section */
		5B55D9422289785500EB3D3A /* Debug */ = {
			isa = XCBuildConfiguration;
			buildSettings = {
				ALWAYS_SEARCH_USER_PATHS = NO;
				CLANG_ANALYZER_NONNULL = YES;
				CLANG_ANALYZER_NUMBER_OBJECT_CONVERSION = YES_AGGRESSIVE;
				CLANG_CXX_LANGUAGE_STANDARD = "gnu++14";
				CLANG_CXX_LIBRARY = "libc++";
				CLANG_ENABLE_MODULES = YES;
				CLANG_ENABLE_OBJC_ARC = YES;
				CLANG_ENABLE_OBJC_WEAK = YES;
				CLANG_WARN_BLOCK_CAPTURE_AUTORELEASING = YES;
				CLANG_WARN_BOOL_CONVERSION = YES;
				CLANG_WARN_COMMA = YES;
				CLANG_WARN_CONSTANT_CONVERSION = YES;
				CLANG_WARN_DEPRECATED_OBJC_IMPLEMENTATIONS = YES;
				CLANG_WARN_DIRECT_OBJC_ISA_USAGE = YES_ERROR;
				CLANG_WARN_DOCUMENTATION_COMMENTS = YES;
				CLANG_WARN_EMPTY_BODY = YES;
				CLANG_WARN_ENUM_CONVERSION = YES;
				CLANG_WARN_INFINITE_RECURSION = YES;
				CLANG_WARN_INT_CONVERSION = YES;
				CLANG_WARN_NON_LITERAL_NULL_CONVERSION = YES;
				CLANG_WARN_OBJC_IMPLICIT_RETAIN_SELF = YES;
				CLANG_WARN_OBJC_LITERAL_CONVERSION = YES;
				CLANG_WARN_OBJC_ROOT_CLASS = YES_ERROR;
				CLANG_WARN_RANGE_LOOP_ANALYSIS = YES;
				CLANG_WARN_STRICT_PROTOTYPES = YES;
				CLANG_WARN_SUSPICIOUS_MOVE = YES;
				CLANG_WARN_UNGUARDED_AVAILABILITY = YES_AGGRESSIVE;
				CLANG_WARN_UNREACHABLE_CODE = YES;
				CLANG_WARN__DUPLICATE_METHOD_MATCH = YES;
				CODE_SIGN_IDENTITY = "iPhone Developer";
				COPY_PHASE_STRIP = NO;
				DEBUG_INFORMATION_FORMAT = dwarf;
				ENABLE_STRICT_OBJC_MSGSEND = YES;
				ENABLE_TESTABILITY = YES;
				GCC_C_LANGUAGE_STANDARD = gnu11;
				GCC_DYNAMIC_NO_PIC = NO;
				GCC_NO_COMMON_BLOCKS = YES;
				GCC_OPTIMIZATION_LEVEL = 0;
				GCC_PREPROCESSOR_DEFINITIONS = (
					"DEBUG=1",
					"$(inherited)",
				);
				GCC_WARN_64_TO_32_BIT_CONVERSION = YES;
				GCC_WARN_ABOUT_RETURN_TYPE = YES_ERROR;
				GCC_WARN_UNDECLARED_SELECTOR = YES;
				GCC_WARN_UNINITIALIZED_AUTOS = YES_AGGRESSIVE;
				GCC_WARN_UNUSED_FUNCTION = YES;
				GCC_WARN_UNUSED_VARIABLE = YES;
				IPHONEOS_DEPLOYMENT_TARGET = 12.1;
				MTL_ENABLE_DEBUG_INFO = INCLUDE_SOURCE;
				MTL_FAST_MATH = YES;
				ONLY_ACTIVE_ARCH = YES;
				SDKROOT = iphoneos;
				SWIFT_ACTIVE_COMPILATION_CONDITIONS = DEBUG;
				SWIFT_OPTIMIZATION_LEVEL = "-Onone";
			};
			name = Debug;
		};
		5B55D9432289785500EB3D3A /* Release */ = {
			isa = XCBuildConfiguration;
			buildSettings = {
				ALWAYS_SEARCH_USER_PATHS = NO;
				CLANG_ANALYZER_NONNULL = YES;
				CLANG_ANALYZER_NUMBER_OBJECT_CONVERSION = YES_AGGRESSIVE;
				CLANG_CXX_LANGUAGE_STANDARD = "gnu++14";
				CLANG_CXX_LIBRARY = "libc++";
				CLANG_ENABLE_MODULES = YES;
				CLANG_ENABLE_OBJC_ARC = YES;
				CLANG_ENABLE_OBJC_WEAK = YES;
				CLANG_WARN_BLOCK_CAPTURE_AUTORELEASING = YES;
				CLANG_WARN_BOOL_CONVERSION = YES;
				CLANG_WARN_COMMA = YES;
				CLANG_WARN_CONSTANT_CONVERSION = YES;
				CLANG_WARN_DEPRECATED_OBJC_IMPLEMENTATIONS = YES;
				CLANG_WARN_DIRECT_OBJC_ISA_USAGE = YES_ERROR;
				CLANG_WARN_DOCUMENTATION_COMMENTS = YES;
				CLANG_WARN_EMPTY_BODY = YES;
				CLANG_WARN_ENUM_CONVERSION = YES;
				CLANG_WARN_INFINITE_RECURSION = YES;
				CLANG_WARN_INT_CONVERSION = YES;
				CLANG_WARN_NON_LITERAL_NULL_CONVERSION = YES;
				CLANG_WARN_OBJC_IMPLICIT_RETAIN_SELF = YES;
				CLANG_WARN_OBJC_LITERAL_CONVERSION = YES;
				CLANG_WARN_OBJC_ROOT_CLASS = YES_ERROR;
				CLANG_WARN_RANGE_LOOP_ANALYSIS = YES;
				CLANG_WARN_STRICT_PROTOTYPES = YES;
				CLANG_WARN_SUSPICIOUS_MOVE = YES;
				CLANG_WARN_UNGUARDED_AVAILABILITY = YES_AGGRESSIVE;
				CLANG_WARN_UNREACHABLE_CODE = YES;
				CLANG_WARN__DUPLICATE_METHOD_MATCH = YES;
				CODE_SIGN_IDENTITY = "iPhone Developer";
				COPY_PHASE_STRIP = NO;
				DEBUG_INFORMATION_FORMAT = "dwarf-with-dsym";
				ENABLE_NS_ASSERTIONS = NO;
				ENABLE_STRICT_OBJC_MSGSEND = YES;
				GCC_C_LANGUAGE_STANDARD = gnu11;
				GCC_NO_COMMON_BLOCKS = YES;
				GCC_WARN_64_TO_32_BIT_CONVERSION = YES;
				GCC_WARN_ABOUT_RETURN_TYPE = YES_ERROR;
				GCC_WARN_UNDECLARED_SELECTOR = YES;
				GCC_WARN_UNINITIALIZED_AUTOS = YES_AGGRESSIVE;
				GCC_WARN_UNUSED_FUNCTION = YES;
				GCC_WARN_UNUSED_VARIABLE = YES;
				IPHONEOS_DEPLOYMENT_TARGET = 12.1;
				MTL_ENABLE_DEBUG_INFO = NO;
				MTL_FAST_MATH = YES;
				SDKROOT = iphoneos;
				SWIFT_COMPILATION_MODE = wholemodule;
				SWIFT_OPTIMIZATION_LEVEL = "-O";
				VALIDATE_PRODUCT = YES;
			};
			name = Release;
		};
		5B55D9452289785500EB3D3A /* Debug */ = {
			isa = XCBuildConfiguration;
			buildSettings = {
				ASSETCATALOG_COMPILER_APPICON_NAME = AppIcon;
				CODE_SIGN_STYLE = Automatic;
				INFOPLIST_FILE = CoreDataDemo/Info.plist;
				LD_RUNPATH_SEARCH_PATHS = (
					"$(inherited)",
					"@executable_path/Frameworks",
				);
				PRODUCT_BUNDLE_IDENTIFIER = william.CoreDataDemo;
				PRODUCT_NAME = "$(TARGET_NAME)";
				SWIFT_VERSION = 4.2;
				TARGETED_DEVICE_FAMILY = "1,2";
			};
			name = Debug;
		};
		5B55D9462289785500EB3D3A /* Release */ = {
			isa = XCBuildConfiguration;
			buildSettings = {
				ASSETCATALOG_COMPILER_APPICON_NAME = AppIcon;
				CODE_SIGN_STYLE = Automatic;
				INFOPLIST_FILE = CoreDataDemo/Info.plist;
				LD_RUNPATH_SEARCH_PATHS = (
					"$(inherited)",
					"@executable_path/Frameworks",
				);
				PRODUCT_BUNDLE_IDENTIFIER = william.CoreDataDemo;
				PRODUCT_NAME = "$(TARGET_NAME)";
				SWIFT_VERSION = 4.2;
				TARGETED_DEVICE_FAMILY = "1,2";
			};
			name = Release;
		};
/* End XCBuildConfiguration section */

/* Begin XCConfigurationList section */
		5B55D92A2289785400EB3D3A /* Build configuration list for PBXProject "CoreDataDemo" */ = {
			isa = XCConfigurationList;
			buildConfigurations = (
				5B55D9422289785500EB3D3A /* Debug */,
				5B55D9432289785500EB3D3A /* Release */,
			);
			defaultConfigurationIsVisible = 0;
			defaultConfigurationName = Release;
		};
		5B55D9442289785500EB3D3A /* Build configuration list for PBXNativeTarget "CoreDataDemo" */ = {
			isa = XCConfigurationList;
			buildConfigurations = (
				5B55D9452289785500EB3D3A /* Debug */,
				5B55D9462289785500EB3D3A /* Release */,
			);
			defaultConfigurationIsVisible = 0;
			defaultConfigurationName = Release;
		};
/* End XCConfigurationList section */

/* Begin XCVersionGroup section */
		5B55D9392289785400EB3D3A /* CoreDataDemo.xcdatamodeld */ = {
			isa = XCVersionGroup;
			children = (
				5B55D93A2289785400EB3D3A /* CoreDataDemo.xcdatamodel */,
			);
			currentVersion = 5B55D93A2289785400EB3D3A /* CoreDataDemo.xcdatamodel */;
			path = CoreDataDemo.xcdatamodeld;
			sourceTree = "<group>";
			versionGroupType = wrapper.xcdatamodel;
		};
/* End XCVersionGroup section */
	};
	rootObject = 5B55D9272289785400EB3D3A /* Project object */;
}
